
Microsoft Visual Studio Solution File, Format Version 12.00
# Visual Studio Version 16
VisualStudioVersion = 16.0.29102.190
MinimumVisualStudioVersion = 10.0.40219.1
Project("{9A19103F-16F7-4668-BE54-9A1E7A4F7556}") = "CalcFunctionApp", "SumFunctionApp\CalcFunctionApp.csproj", "{76D818DA-5C29-4F73-9E82-1A71945914F6}"
EndProject
Project("{9A19103F-16F7-4668-BE54-9A1E7A4F7556}") = "CalcFunctionApp.Test", "CalcFunctionApp.Test\CalcFunctionApp.Test.csproj", "{2801ED1F-5CC0-4ACD-AD7E-7348DE6D17BE}"
EndProject
Project("{9A19103F-16F7-4668-BE54-9A1E7A4F7556}") = "CalcFunctionApp.Test.Helper", "FunctionTestHelper\CalcFunctionApp.Test.Helper.csproj", "{08F04679-5634-4B6C-8460-816FC36479FC}"
EndProject
Global
	GlobalSection(SolutionConfigurationPlatforms) = preSolution
		Debug|Any CPU = Debug|Any CPU
		Release|Any CPU = Release|Any CPU
	EndGlobalSection
	GlobalSection(ProjectConfigurationPlatforms) = postSolution
		{76D818DA-5C29-4F73-9E82-1A71945914F6}.Debug|Any CPU.ActiveCfg = Debug|Any CPU
		{76D818DA-5C29-4F73-9E82-1A71945914F6}.Debug|Any CPU.Build.0 = Debug|Any CPU
		{76D818DA-5C29-4F73-9E82-1A71945914F6}.Release|Any CPU.ActiveCfg = Release|Any CPU
		{76D818DA-5C29-4F73-9E82-1A71945914F6}.Release|Any CPU.Build.0 = Release|Any CPU
		{2801ED1F-5CC0-4ACD-AD7E-7348DE6D17BE}.Debug|Any CPU.ActiveCfg = Debug|Any CPU
		{2801ED1F-5CC0-4ACD-AD7E-7348DE6D17BE}.Debug|Any CPU.Build.0 = Debug|Any CPU
		{2801ED1F-5CC0-4ACD-AD7E-7348DE6D17BE}.Release|Any CPU.ActiveCfg = Release|Any CPU
		{2801ED1F-5CC0-4ACD-AD7E-7348DE6D17BE}.Release|Any CPU.Build.0 = Release|Any CPU
		{08F04679-5634-4B6C-8460-816FC36479FC}.Debug|Any CPU.ActiveCfg = Debug|Any CPU
		{08F04679-5634-4B6C-8460-816FC36479FC}.Debug|Any CPU.Build.0 = Debug|Any CPU
		{08F04679-5634-4B6C-8460-816FC36479FC}.Release|Any CPU.ActiveCfg = Release|Any CPU
		{08F04679-5634-4B6C-8460-816FC36479FC}.Release|Any CPU.Build.0 = Release|Any CPU
	EndGlobalSection
	GlobalSection(SolutionProperties) = preSolution
		HideSolutionNode = FALSE
	EndGlobalSection
	GlobalSection(ExtensibilityGlobals) = postSolution
		SolutionGuid = {8E33977A-B729-47FC-8D65-6B1927951E27}
	EndGlobalSection
EndGlobal
